lockfileVersion: '9.0'

settings:
  autoInstallPeers: true
  excludeLinksFromLockfile: false

importers:

  .:
    dependencies:
      js-md5:
        specifier: ^0.8.3
        version: 0.8.3
      mitt:
        specifier: ^3.0.1
        version: 3.0.1

packages:

  js-md5@0.8.3:
    resolution: {integrity: sha512-qR0HB5uP6wCuRMrWPTrkMaev7MJZwJuuw4fnwAzRgP4J4/F8RwtodOKpGp4XpqsLBFzzgqIO42efFAyz2Et6KQ==}

  mitt@3.0.1:
    resolution: {integrity: sha512-vKivATfr97l2/QBCYAkXYDbrIWPM2IIKEl7YPhjCvKlG3kE2gm+uBo6nEXK3M5/Ffh/FLpKExzOQ3JJoJGFKBw==}

snapshots:

  js-md5@0.8.3: {}

  mitt@3.0.1: {}
